
Microsoft Visual Studio Solution File, Format Version 12.00
# Visual Studio Version 16
VisualStudioVersion = 16.0.31005.135
MinimumVisualStudioVersion = 10.0.40219.1
Project("{9A19103F-16F7-4668-BE54-9A1E7A4F7556}") = "Business", "Business\Business.csproj", "{AEAFDC06-7828-4D80-896D-92EB6B376646}"
EndProject
Project("{9A19103F-16F7-4668-BE54-9A1E7A4F7556}") = "Core", "Core\Core.csproj", "{1FCBAD12-4706-4E52-9AB3-57A794B6E393}"
EndProject
Project("{9A19103F-16F7-4668-BE54-9A1E7A4F7556}") = "Api", "Api\Api.csproj", "{412C57FA-74C3-431B-9171-BCC303727FD1}"
EndProject
Project("{9A19103F-16F7-4668-BE54-9A1E7A4F7556}") = "DataAccess", "DataAccess\DataAccess.csproj", "{7D3A5757-B0DF-4EFA-92FA-27BBE3A411B9}"
EndProject
Project("{FAE04EC0-301F-11D3-BF4B-00C04F79EFBC}") = "Entity", "Entity\Entity.csproj", "{31A97170-B0A7-480D-ABE7-2ACF1A36B496}"
EndProject
Global
	GlobalSection(SolutionConfigurationPlatforms) = preSolution
		Debug|Any CPU = Debug|Any CPU
		Release|Any CPU = Release|Any CPU
	EndGlobalSection
	GlobalSection(ProjectConfigurationPlatforms) = postSolution
		{AEAFDC06-7828-4D80-896D-92EB6B376646}.Debug|Any CPU.ActiveCfg = Debug|Any CPU
		{AEAFDC06-7828-4D80-896D-92EB6B376646}.Debug|Any CPU.Build.0 = Debug|Any CPU
		{AEAFDC06-7828-4D80-896D-92EB6B376646}.Release|Any CPU.ActiveCfg = Release|Any CPU
		{AEAFDC06-7828-4D80-896D-92EB6B376646}.Release|Any CPU.Build.0 = Release|Any CPU
		{1FCBAD12-4706-4E52-9AB3-57A794B6E393}.Debug|Any CPU.ActiveCfg = Debug|Any CPU
		{1FCBAD12-4706-4E52-9AB3-57A794B6E393}.Debug|Any CPU.Build.0 = Debug|Any CPU
		{1FCBAD12-4706-4E52-9AB3-57A794B6E393}.Release|Any CPU.ActiveCfg = Release|Any CPU
		{1FCBAD12-4706-4E52-9AB3-57A794B6E393}.Release|Any CPU.Build.0 = Release|Any CPU
		{412C57FA-74C3-431B-9171-BCC303727FD1}.Debug|Any CPU.ActiveCfg = Debug|Any CPU
		{412C57FA-74C3-431B-9171-BCC303727FD1}.Debug|Any CPU.Build.0 = Debug|Any CPU
		{412C57FA-74C3-431B-9171-BCC303727FD1}.Release|Any CPU.ActiveCfg = Release|Any CPU
		{412C57FA-74C3-431B-9171-BCC303727FD1}.Release|Any CPU.Build.0 = Release|Any CPU
		{7D3A5757-B0DF-4EFA-92FA-27BBE3A411B9}.Debug|Any CPU.ActiveCfg = Debug|Any CPU
		{7D3A5757-B0DF-4EFA-92FA-27BBE3A411B9}.Debug|Any CPU.Build.0 = Debug|Any CPU
		{7D3A5757-B0DF-4EFA-92FA-27BBE3A411B9}.Release|Any CPU.ActiveCfg = Release|Any CPU
		{7D3A5757-B0DF-4EFA-92FA-27BBE3A411B9}.Release|Any CPU.Build.0 = Release|Any CPU
		{31A97170-B0A7-480D-ABE7-2ACF1A36B496}.Debug|Any CPU.ActiveCfg = Debug|Any CPU
		{31A97170-B0A7-480D-ABE7-2ACF1A36B496}.Debug|Any CPU.Build.0 = Debug|Any CPU
		{31A97170-B0A7-480D-ABE7-2ACF1A36B496}.Release|Any CPU.ActiveCfg = Release|Any CPU
		{31A97170-B0A7-480D-ABE7-2ACF1A36B496}.Release|Any CPU.Build.0 = Release|Any CPU
	EndGlobalSection
	GlobalSection(SolutionProperties) = preSolution
		HideSolutionNode = FALSE
	EndGlobalSection
	GlobalSection(ExtensibilityGlobals) = postSolution
		SolutionGuid = {40EED9DC-8BE0-4759-B8CF-368E9A771F1B}
	EndGlobalSection
EndGlobal
